{
  "name": "social-media-rewriter",
  "version": "0.1.0",
  "lockfileVersion": 3,
  "requires": true,
  "packages": {
    "": {
      "name": "social-media-rewriter",
      "version": "0.1.0",
      "hasInstallScript": true,
      "dependencies": {
        "@mlc-ai/web-llm": "^0.2.79"
      }
    },
    "node_modules/@mlc-ai/web-llm": {
      "version": "0.2.79",
      "resolved": "https://registry.npmjs.org/@mlc-ai/web-llm/-/web-llm-0.2.79.tgz",
      "integrity": "sha512-Hy1ZHQ0o2bZGZoVnGK48+fts/ZSKwLe96xjvqL/6C59Mem9HoHTcFE07NC2E23mRmhd01tL655N6CPeYmwWgwQ==",
      "license": "Apache-2.0",
      "dependencies": {
        "loglevel": "^1.9.1"
      }
    },
    "node_modules/loglevel": {
      "version": "1.9.2",
      "resolved": "https://registry.npmjs.org/loglevel/-/loglevel-1.9.2.tgz",
      "integrity": "sha512-HgMmCqIJSAKqo68l0rS2AanEWfkxaZ5wNiEFb5ggm08lDs9Xl2KxBlX3PTcaD2chBM1gXAYf491/M2Rv8Jwayg==",
      "license": "MIT",
      "engines": {
        "node": ">= 0.6.0"
      },
      "funding": {
        "type": "tidelift",
        "url": "https://tidelift.com/funding/github/npm/loglevel"
      }
    }
  }
}
